
Microsoft Visual Studio Solution File, Format Version 12.00
# Visual Studio Version 17
VisualStudioVersion = 17.11.35327.3
MinimumVisualStudioVersion = 10.0.40219.1
Project("{FAE04EC0-301F-11D3-BF4B-00C04F79EFBC}") = "Padurean_Paula_Lab1", "Padurean_Paula_Lab1\Padurean_Paula_Lab1.csproj", "{5A55570C-C732-439E-AA23-459368BB7246}"
EndProject
Global
	GlobalSection(SolutionConfigurationPlatforms) = preSolution
		Debug|Any CPU = Debug|Any CPU
		Release|Any CPU = Release|Any CPU
	EndGlobalSection
	GlobalSection(ProjectConfigurationPlatforms) = postSolution
		{5A55570C-C732-439E-AA23-459368BB7246}.Debug|Any CPU.ActiveCfg = Debug|Any CPU
		{5A55570C-C732-439E-AA23-459368BB7246}.Debug|Any CPU.Build.0 = Debug|Any CPU
		{5A55570C-C732-439E-AA23-459368BB7246}.Release|Any CPU.ActiveCfg = Release|Any CPU
		{5A55570C-C732-439E-AA23-459368BB7246}.Release|Any CPU.Build.0 = Release|Any CPU
	EndGlobalSection
	GlobalSection(SolutionProperties) = preSolution
		HideSolutionNode = FALSE
	EndGlobalSection
	GlobalSection(ExtensibilityGlobals) = postSolution
		SolutionGuid = {858B4FD2-3B7E-40F7-923D-1F6FA34F56A5}
	EndGlobalSection
EndGlobal
